Microsoft Visual Studio Solution File, Format Version 12.00
# Visual Studio Version 17
VisualStudioVersion = 17.5.2.0
MinimumVisualStudioVersion = 10.0.40219.1
Project("{FAE04EC0-301F-11D3-BF4B-00C04F79EFBC}") = "argumentParser", "argumentParser.csproj", "{3A305570-6408-7FE0-9DA1-A0126E42BAAD}"
EndProject
Global
	GlobalSection(SolutionConfigurationPlatforms) = preSolution
		Debug|Any CPU = Debug|Any CPU
		Release|Any CPU = Release|Any CPU
	EndGlobalSection
	GlobalSection(ProjectConfigurationPlatforms) = postSolution
		{3A305570-6408-7FE0-9DA1-A0126E42BAAD}.Debug|Any CPU.ActiveCfg = Debug|Any CPU
		{3A305570-6408-7FE0-9DA1-A0126E42BAAD}.Debug|Any CPU.Build.0 = Debug|Any CPU
		{3A305570-6408-7FE0-9DA1-A0126E42BAAD}.Release|Any CPU.ActiveCfg = Release|Any CPU
		{3A305570-6408-7FE0-9DA1-A0126E42BAAD}.Release|Any CPU.Build.0 = Release|Any CPU
	EndGlobalSection
	GlobalSection(SolutionProperties) = preSolution
		HideSolutionNode = FALSE
	EndGlobalSection
	GlobalSection(ExtensibilityGlobals) = postSolution
		SolutionGuid = {216FD594-DDD5-43D5-AB0A-A4F8D7FD11E8}
	EndGlobalSection
EndGlobal
